// !$*UTF8*$!
{
	archiveVersion = 1;
	classes = {
	};
	objectVersion = 56;
	objects = {

/* Begin PBXBuildFile section */
		6E4A43A92C5D104A0095B574 /* Font+.swift in Sources */ = {isa = PBXBuildFile; fileRef = 6E4A43A82C5D104A0095B574 /* Font+.swift */; };
		6E4A43AB2C5D10E20095B574 /* DungGeunMo.ttf in Resources */ = {isa = PBXBuildFile; fileRef = 6E4A43AA2C5D10E20095B574 /* DungGeunMo.ttf */; };
		6E7590212C54F45400626282 /* ResultPriceOverlay.swift in Sources */ = {isa = PBXBuildFile; fileRef = 6E7590202C54F45400626282 /* ResultPriceOverlay.swift */; };
		6E7590262C59E42D00626282 /* RecipeAddView_Link.swift in Sources */ = {isa = PBXBuildFile; fileRef = 6E7590252C59E42D00626282 /* RecipeAddView_Link.swift */; };
		6E7590282C59E45200626282 /* RecipeAddView_Memo.swift in Sources */ = {isa = PBXBuildFile; fileRef = 6E7590272C59E45200626282 /* RecipeAddView_Memo.swift */; };
		6E75902A2C59E47B00626282 /* RecipeAddView_Name.swift in Sources */ = {isa = PBXBuildFile; fileRef = 6E7590292C59E47B00626282 /* RecipeAddView_Name.swift */; };
		6E75902C2C59E4A000626282 /* RecipeAddView_Picture.swift in Sources */ = {isa = PBXBuildFile; fileRef = 6E75902B2C59E4A000626282 /* RecipeAddView_Picture.swift */; };
		6E75902E2C5A749A00626282 /* RecipeAddView_FoodSauce.swift in Sources */ = {isa = PBXBuildFile; fileRef = 6E75902D2C5A749A00626282 /* RecipeAddView_FoodSauce.swift */; };
		6E7590302C5C7B0700626282 /* BeggarsHOFView.swift in Sources */ = {isa = PBXBuildFile; fileRef = 6E75902F2C5C7B0700626282 /* BeggarsHOFView.swift */; };
		9006C5982C538038009B5925 /* CSVUtils.swift in Sources */ = {isa = PBXBuildFile; fileRef = 9006C5972C538038009B5925 /* CSVUtils.swift */; };
		9006C59F2C538CC9009B5925 /* Food.csv in Resources */ = {isa = PBXBuildFile; fileRef = 9006C59E2C538CC9009B5925 /* Food.csv */; };
		900E95372C4FEBA800092CC2 /* FoodModel.swift in Sources */ = {isa = PBXBuildFile; fileRef = 900E95362C4FEBA800092CC2 /* FoodModel.swift */; };
		900E95392C4FEC5100092CC2 /* RecipeModel.swift in Sources */ = {isa = PBXBuildFile; fileRef = 900E95382C4FEC5100092CC2 /* RecipeModel.swift */; };
		900E953B2C4FEF7C00092CC2 /* RefrigeratorModel.swift in Sources */ = {isa = PBXBuildFile; fileRef = 900E953A2C4FEF7C00092CC2 /* RefrigeratorModel.swift */; };
		900E953D2C4FF06800092CC2 /* HistoryModel.swift in Sources */ = {isa = PBXBuildFile; fileRef = 900E953C2C4FF06800092CC2 /* HistoryModel.swift */; };
		900E953F2C4FF23000092CC2 /* BeggarsModel.swift in Sources */ = {isa = PBXBuildFile; fileRef = 900E953E2C4FF23000092CC2 /* BeggarsModel.swift */; };
		901F27A42C592831001B0687 /* FilterRecipeModel.swift in Sources */ = {isa = PBXBuildFile; fileRef = 901F27A32C592831001B0687 /* FilterRecipeModel.swift */; };
		905824472C4B904D003801D3 /* BeggarsGrowingApp.swift in Sources */ = {isa = PBXBuildFile; fileRef = 905824462C4B904D003801D3 /* BeggarsGrowingApp.swift */; };
		905824492C4B904D003801D3 /* ContentView.swift in Sources */ = {isa = PBXBuildFile; fileRef = 905824482C4B904D003801D3 /* ContentView.swift */; };
		9058244B2C4B904E003801D3 /* Assets.xcassets in Resources */ = {isa = PBXBuildFile; fileRef = 9058244A2C4B904E003801D3 /* Assets.xcassets */; };
		9058244E2C4B904E003801D3 /* Preview Assets.xcassets in Resources */ = {isa = PBXBuildFile; fileRef = 9058244D2C4B904E003801D3 /* Preview Assets.xcassets */; };
		905824572C4B9C61003801D3 /* MainView.swift in Sources */ = {isa = PBXBuildFile; fileRef = 905824562C4B9C61003801D3 /* MainView.swift */; };
		9058245C2C4B9CA2003801D3 /* RefriView.swift in Sources */ = {isa = PBXBuildFile; fileRef = 9058245B2C4B9CA2003801D3 /* RefriView.swift */; };
		9058245E2C4B9CAD003801D3 /* RefriAddFoodView.swift in Sources */ = {isa = PBXBuildFile; fileRef = 9058245D2C4B9CAD003801D3 /* RefriAddFoodView.swift */; };
		905824602C4B9CB4003801D3 /* RecipeView.swift in Sources */ = {isa = PBXBuildFile; fileRef = 9058245F2C4B9CB4003801D3 /* RecipeView.swift */; };
		905824622C4B9CBC003801D3 /* RecipeDetailView.swift in Sources */ = {isa = PBXBuildFile; fileRef = 905824612C4B9CBC003801D3 /* RecipeDetailView.swift */; };
		905824662C4B9CD1003801D3 /* CookChoiceFoodView.swift in Sources */ = {isa = PBXBuildFile; fileRef = 905824652C4B9CD1003801D3 /* CookChoiceFoodView.swift */; };
		905824682C4B9CDE003801D3 /* CookChoiceRecipeView.swift in Sources */ = {isa = PBXBuildFile; fileRef = 905824672C4B9CDE003801D3 /* CookChoiceRecipeView.swift */; };
		9058246A2C4B9CE7003801D3 /* CookRecipeDetailView.swift in Sources */ = {isa = PBXBuildFile; fileRef = 905824692C4B9CE7003801D3 /* CookRecipeDetailView.swift */; };
		9058246C2C4B9CF5003801D3 /* CookRecordView.swift in Sources */ = {isa = PBXBuildFile; fileRef = 9058246B2C4B9CF5003801D3 /* CookRecordView.swift */; };
		905824712C4B9D28003801D3 /* NavigationManager.swift in Sources */ = {isa = PBXBuildFile; fileRef = 905824702C4B9D28003801D3 /* NavigationManager.swift */; };
		9095DA9D2C5F95400067D56C /* MainViewModel.swift in Sources */ = {isa = PBXBuildFile; fileRef = 9095DA9C2C5F95400067D56C /* MainViewModel.swift */; };
		9095DAA02C6124110067D56C /* StoryOverlay.swift in Sources */ = {isa = PBXBuildFile; fileRef = 9095DA9F2C6124110067D56C /* StoryOverlay.swift */; };
		90A4AA842C59DFBE000293F6 /* CameraView.swift in Sources */ = {isa = PBXBuildFile; fileRef = 90A4AA832C59DFBE000293F6 /* CameraView.swift */; };
		90A4AA862C59DFC5000293F6 /* CameraModel.swift in Sources */ = {isa = PBXBuildFile; fileRef = 90A4AA852C59DFC5000293F6 /* CameraModel.swift */; };
		90A4AA882C5A81E9000293F6 /* CookSlectFoodSheet.swift in Sources */ = {isa = PBXBuildFile; fileRef = 90A4AA872C5A81E9000293F6 /* CookSlectFoodSheet.swift */; };
		90A4AA8A2C5BDCDA000293F6 /* RecipeViewModel.swift in Sources */ = {isa = PBXBuildFile; fileRef = 90A4AA892C5BDCDA000293F6 /* RecipeViewModel.swift */; };
		90A4AA8C2C5CF9A9000293F6 /* RecipeSelectFoodSheet.swift in Sources */ = {isa = PBXBuildFile; fileRef = 90A4AA8B2C5CF9A9000293F6 /* RecipeSelectFoodSheet.swift */; };
		90A4AA8E2C5CF9BB000293F6 /* RecipeSelectSauceSheet.swift in Sources */ = {isa = PBXBuildFile; fileRef = 90A4AA8D2C5CF9BB000293F6 /* RecipeSelectSauceSheet.swift */; };
		90A4AA902C5F3F64000293F6 /* RecipeImagePicker.swift in Sources */ = {isa = PBXBuildFile; fileRef = 90A4AA8F2C5F3F64000293F6 /* RecipeImagePicker.swift */; };
		90EB3C5B2C5543EC007960FD /* Recipe.csv in Resources */ = {isa = PBXBuildFile; fileRef = 90EB3C5A2C5543EC007960FD /* Recipe.csv */; };
		90EB3C5D2C57CA25007960FD /* RefriSelectFoodSheet.swift in Sources */ = {isa = PBXBuildFile; fileRef = 90EB3C5C2C57CA25007960FD /* RefriSelectFoodSheet.swift */; };
		90EB3C632C58BCAA007960FD /* CookViewModel.swift in Sources */ = {isa = PBXBuildFile; fileRef = 90EB3C622C58BCAA007960FD /* CookViewModel.swift */; };
/* End PBXBuildFile section */

/* Begin PBXFileReference section */
		6E4A43A82C5D104A0095B574 /* Font+.swift */ = {isa = PBXFileReference; lastKnownFileType = sourcecode.swift; path = "Font+.swift"; sourceTree = "<group>"; };
		6E4A43AA2C5D10E20095B574 /* DungGeunMo.ttf */ = {isa = PBXFileReference; lastKnownFileType = file; path = DungGeunMo.ttf; sourceTree = "<group>"; };
		6E4A43AC2C5D11CE0095B574 /* Info.plist */ = {isa = PBXFileReference; lastKnownFileType = text.plist; path = Info.plist; sourceTree = "<group>"; };
		6E7590202C54F45400626282 /* ResultPriceOverlay.swift */ = {isa = PBXFileReference; lastKnownFileType = sourcecode.swift; path = ResultPriceOverlay.swift; sourceTree = "<group>"; };
		6E7590252C59E42D00626282 /* RecipeAddView_Link.swift */ = {isa = PBXFileReference; lastKnownFileType = sourcecode.swift; path = RecipeAddView_Link.swift; sourceTree = "<group>"; };
		6E7590272C59E45200626282 /* RecipeAddView_Memo.swift */ = {isa = PBXFileReference; lastKnownFileType = sourcecode.swift; path = RecipeAddView_Memo.swift; sourceTree = "<group>"; };
		6E7590292C59E47B00626282 /* RecipeAddView_Name.swift */ = {isa = PBXFileReference; lastKnownFileType = sourcecode.swift; path = RecipeAddView_Name.swift; sourceTree = "<group>"; };
		6E75902B2C59E4A000626282 /* RecipeAddView_Picture.swift */ = {isa = PBXFileReference; lastKnownFileType = sourcecode.swift; path = RecipeAddView_Picture.swift; sourceTree = "<group>"; };
		6E75902D2C5A749A00626282 /* RecipeAddView_FoodSauce.swift */ = {isa = PBXFileReference; lastKnownFileType = sourcecode.swift; path = RecipeAddView_FoodSauce.swift; sourceTree = "<group>"; };
		6E75902F2C5C7B0700626282 /* BeggarsHOFView.swift */ = {isa = PBXFileReference; lastKnownFileType = sourcecode.swift; path = BeggarsHOFView.swift; sourceTree = "<group>"; };
		9006C5972C538038009B5925 /* CSVUtils.swift */ = {isa = PBXFileReference; lastKnownFileType = sourcecode.swift; path = CSVUtils.swift; sourceTree = "<group>"; };
		9006C59E2C538CC9009B5925 /* Food.csv */ = {isa = PBXFileReference; fileEncoding = 4; lastKnownFileType = text; path = Food.csv; sourceTree = "<group>"; };
		900E95362C4FEBA800092CC2 /* FoodModel.swift */ = {isa = PBXFileReference; lastKnownFileType = sourcecode.swift; path = FoodModel.swift; sourceTree = "<group>"; };
		900E95382C4FEC5100092CC2 /* RecipeModel.swift */ = {isa = PBXFileReference; lastKnownFileType = sourcecode.swift; path = RecipeModel.swift; sourceTree = "<group>"; };
		900E953A2C4FEF7C00092CC2 /* RefrigeratorModel.swift */ = {isa = PBXFileReference; lastKnownFileType = sourcecode.swift; path = RefrigeratorModel.swift; sourceTree = "<group>"; };
		900E953C2C4FF06800092CC2 /* HistoryModel.swift */ = {isa = PBXFileReference; lastKnownFileType = sourcecode.swift; path = HistoryModel.swift; sourceTree = "<group>"; };
		900E953E2C4FF23000092CC2 /* BeggarsModel.swift */ = {isa = PBXFileReference; lastKnownFileType = sourcecode.swift; path = BeggarsModel.swift; sourceTree = "<group>"; };
		901F27A32C592831001B0687 /* FilterRecipeModel.swift */ = {isa = PBXFileReference; lastKnownFileType = sourcecode.swift; path = FilterRecipeModel.swift; sourceTree = "<group>"; };
		905824432C4B904D003801D3 /* BeggarsGrowing.app */ = {isa = PBXFileReference; explicitFileType = wrapper.application; includeInIndex = 0; path = BeggarsGrowing.app; sourceTree = BUILT_PRODUCTS_DIR; };
		905824462C4B904D003801D3 /* BeggarsGrowingApp.swift */ = {isa = PBXFileReference; lastKnownFileType = sourcecode.swift; path = BeggarsGrowingApp.swift; sourceTree = "<group>"; };
		905824482C4B904D003801D3 /* ContentView.swift */ = {isa = PBXFileReference; lastKnownFileType = sourcecode.swift; path = ContentView.swift; sourceTree = "<group>"; };
		9058244A2C4B904E003801D3 /* Assets.xcassets */ = {isa = PBXFileReference; lastKnownFileType = folder.assetcatalog; path = Assets.xcassets; sourceTree = "<group>"; };
		9058244D2C4B904E003801D3 /* Preview Assets.xcassets */ = {isa = PBXFileReference; lastKnownFileType = folder.assetcatalog; path = "Preview Assets.xcassets"; sourceTree = "<group>"; };
		905824562C4B9C61003801D3 /* MainView.swift */ = {isa = PBXFileReference; lastKnownFileType = sourcecode.swift; path = MainView.swift; sourceTree = "<group>"; };
		9058245B2C4B9CA2003801D3 /* RefriView.swift */ = {isa = PBXFileReference; lastKnownFileType = sourcecode.swift; path = RefriView.swift; sourceTree = "<group>"; };
		9058245D2C4B9CAD003801D3 /* RefriAddFoodView.swift */ = {isa = PBXFileReference; lastKnownFileType = sourcecode.swift; path = RefriAddFoodView.swift; sourceTree = "<group>"; };
		9058245F2C4B9CB4003801D3 /* RecipeView.swift */ = {isa = PBXFileReference; lastKnownFileType = sourcecode.swift; path = RecipeView.swift; sourceTree = "<group>"; };
		905824612C4B9CBC003801D3 /* RecipeDetailView.swift */ = {isa = PBXFileReference; lastKnownFileType = sourcecode.swift; path = RecipeDetailView.swift; sourceTree = "<group>"; };
		905824652C4B9CD1003801D3 /* CookChoiceFoodView.swift */ = {isa = PBXFileReference; lastKnownFileType = sourcecode.swift; path = CookChoiceFoodView.swift; sourceTree = "<group>"; };
		905824672C4B9CDE003801D3 /* CookChoiceRecipeView.swift */ = {isa = PBXFileReference; lastKnownFileType = sourcecode.swift; path = CookChoiceRecipeView.swift; sourceTree = "<group>"; };
		905824692C4B9CE7003801D3 /* CookRecipeDetailView.swift */ = {isa = PBXFileReference; lastKnownFileType = sourcecode.swift; path = CookRecipeDetailView.swift; sourceTree = "<group>"; };
		9058246B2C4B9CF5003801D3 /* CookRecordView.swift */ = {isa = PBXFileReference; lastKnownFileType = sourcecode.swift; path = CookRecordView.swift; sourceTree = "<group>"; };
		905824702C4B9D28003801D3 /* NavigationManager.swift */ = {isa = PBXFileReference; lastKnownFileType = sourcecode.swift; path = NavigationManager.swift; sourceTree = "<group>"; };
		9095DA9C2C5F95400067D56C /* MainViewModel.swift */ = {isa = PBXFileReference; lastKnownFileType = sourcecode.swift; path = MainViewModel.swift; sourceTree = "<group>"; };
		9095DA9F2C6124110067D56C /* StoryOverlay.swift */ = {isa = PBXFileReference; lastKnownFileType = sourcecode.swift; path = StoryOverlay.swift; sourceTree = "<group>"; };
		90A4AA832C59DFBE000293F6 /* CameraView.swift */ = {isa = PBXFileReference; lastKnownFileType = sourcecode.swift; path = CameraView.swift; sourceTree = "<group>"; };
		90A4AA852C59DFC5000293F6 /* CameraModel.swift */ = {isa = PBXFileReference; lastKnownFileType = sourcecode.swift; path = CameraModel.swift; sourceTree = "<group>"; };
		90A4AA872C5A81E9000293F6 /* CookSlectFoodSheet.swift */ = {isa = PBXFileReference; lastKnownFileType = sourcecode.swift; path = CookSlectFoodSheet.swift; sourceTree = "<group>"; };
		90A4AA892C5BDCDA000293F6 /* RecipeViewModel.swift */ = {isa = PBXFileReference; lastKnownFileType = sourcecode.swift; path = RecipeViewModel.swift; sourceTree = "<group>"; };
		90A4AA8B2C5CF9A9000293F6 /* RecipeSelectFoodSheet.swift */ = {isa = PBXFileReference; lastKnownFileType = sourcecode.swift; path = RecipeSelectFoodSheet.swift; sourceTree = "<group>"; };
		90A4AA8D2C5CF9BB000293F6 /* RecipeSelectSauceSheet.swift */ = {isa = PBXFileReference; lastKnownFileType = sourcecode.swift; path = RecipeSelectSauceSheet.swift; sourceTree = "<group>"; };
		90A4AA8F2C5F3F64000293F6 /* RecipeImagePicker.swift */ = {isa = PBXFileReference; lastKnownFileType = sourcecode.swift; path = RecipeImagePicker.swift; sourceTree = "<group>"; };
		90EB3C5A2C5543EC007960FD /* Recipe.csv */ = {isa = PBXFileReference; fileEncoding = 4; lastKnownFileType = text; path = Recipe.csv; sourceTree = "<group>"; };
		90EB3C5C2C57CA25007960FD /* RefriSelectFoodSheet.swift */ = {isa = PBXFileReference; lastKnownFileType = sourcecode.swift; path = RefriSelectFoodSheet.swift; sourceTree = "<group>"; };
		90EB3C622C58BCAA007960FD /* CookViewModel.swift */ = {isa = PBXFileReference; lastKnownFileType = sourcecode.swift; path = CookViewModel.swift; sourceTree = "<group>"; };
/* End PBXFileReference section */

/* Begin PBXFrameworksBuildPhase section */
		905824402C4B904D003801D3 /* Frameworks */ = {
			isa = PBXFrameworksBuildPhase;
			buildActionMask = 2147483647;
			files = (
			);
			runOnlyForDeploymentPostprocessing = 0;
		};
/* End PBXFrameworksBuildPhase section */

/* Begin PBXGroup section */
		6E4A43A72C5D102F0095B574 /* Resource */ = {
			isa = PBXGroup;
			children = (
				6E4A43AA2C5D10E20095B574 /* DungGeunMo.ttf */,
				9058244A2C4B904E003801D3 /* Assets.xcassets */,
				6E4A43A82C5D104A0095B574 /* Font+.swift */,
			);
			path = Resource;
			sourceTree = "<group>";
		};
		9006C5962C538024009B5925 /* Utils */ = {
			isa = PBXGroup;
			children = (
				9006C5972C538038009B5925 /* CSVUtils.swift */,
			);
			path = Utils;
			sourceTree = "<group>";
		};
		9006C5992C538A6A009B5925 /* CSVfiles */ = {
			isa = PBXGroup;
			children = (
				90EB3C5A2C5543EC007960FD /* Recipe.csv */,
				9006C59E2C538CC9009B5925 /* Food.csv */,
			);
			path = CSVfiles;
			sourceTree = "<group>";
		};
		9058243A2C4B904D003801D3 = {
			isa = PBXGroup;
			children = (
				905824452C4B904D003801D3 /* BeggarsGrowing */,
				905824442C4B904D003801D3 /* Products */,
			);
			sourceTree = "<group>";
		};
		905824442C4B904D003801D3 /* Products */ = {
			isa = PBXGroup;
			children = (
				905824432C4B904D003801D3 /* BeggarsGrowing.app */,
			);
			name = Products;
			sourceTree = "<group>";
		};
		905824452C4B904D003801D3 /* BeggarsGrowing */ = {
			isa = PBXGroup;
			children = (
				6E4A43AC2C5D11CE0095B574 /* Info.plist */,
				905824462C4B904D003801D3 /* BeggarsGrowingApp.swift */,
				9006C5992C538A6A009B5925 /* CSVfiles */,
				9006C5962C538024009B5925 /* Utils */,
				9058246F2C4B9D0D003801D3 /* DataModel */,
				905824582C4B9C7D003801D3 /* View */,
				6E4A43A72C5D102F0095B574 /* Resource */,
				9058246E2C4B9D03003801D3 /* Manager */,
				9058244C2C4B904E003801D3 /* Preview Content */,
			);
			path = BeggarsGrowing;
			sourceTree = "<group>";
		};
		9058244C2C4B904E003801D3 /* Preview Content */ = {
			isa = PBXGroup;
			children = (
				9058244D2C4B904E003801D3 /* Preview Assets.xcassets */,
			);
			path = "Preview Content";
			sourceTree = "<group>";
		};
		905824582C4B9C7D003801D3 /* View */ = {
			isa = PBXGroup;
			children = (
				905824482C4B904D003801D3 /* ContentView.swift */,
				905824562C4B9C61003801D3 /* MainView.swift */,
				6E75902F2C5C7B0700626282 /* BeggarsHOFView.swift */,
				9095DA9C2C5F95400067D56C /* MainViewModel.swift */,
				9095DA9E2C6124000067D56C /* MainViewOverlay */,
				905824742C4BA10F003801D3 /* RefriFlow */,
				905824752C4BA11C003801D3 /* RecipeFlow */,
				9058245A2C4B9C95003801D3 /* CookFlow */,
			);
			path = View;
			sourceTree = "<group>";
		};
		9058245A2C4B9C95003801D3 /* CookFlow */ = {
			isa = PBXGroup;
			children = (
				905824652C4B9CD1003801D3 /* CookChoiceFoodView.swift */,
				905824672C4B9CDE003801D3 /* CookChoiceRecipeView.swift */,
				905824692C4B9CE7003801D3 /* CookRecipeDetailView.swift */,
				9058246B2C4B9CF5003801D3 /* CookRecordView.swift */,
				90A4AA872C5A81E9000293F6 /* CookSlectFoodSheet.swift */,
				90A4AA822C59DF92000293F6 /* New Group */,
				90EB3C622C58BCAA007960FD /* CookViewModel.swift */,
			);
			path = CookFlow;
			sourceTree = "<group>";
		};
		9058246E2C4B9D03003801D3 /* Manager */ = {
			isa = PBXGroup;
			children = (
				905824702C4B9D28003801D3 /* NavigationManager.swift */,
			);
			path = Manager;
			sourceTree = "<group>";
		};
		9058246F2C4B9D0D003801D3 /* DataModel */ = {
			isa = PBXGroup;
			children = (
				900E95362C4FEBA800092CC2 /* FoodModel.swift */,
				900E95382C4FEC5100092CC2 /* RecipeModel.swift */,
				900E953A2C4FEF7C00092CC2 /* RefrigeratorModel.swift */,
				900E953C2C4FF06800092CC2 /* HistoryModel.swift */,
				900E953E2C4FF23000092CC2 /* BeggarsModel.swift */,
				901F27A32C592831001B0687 /* FilterRecipeModel.swift */,
			);
			path = DataModel;
			sourceTree = "<group>";
		};
		905824742C4BA10F003801D3 /* RefriFlow */ = {
			isa = PBXGroup;
			children = (
				9058245B2C4B9CA2003801D3 /* RefriView.swift */,
				9058245D2C4B9CAD003801D3 /* RefriAddFoodView.swift */,
				90EB3C5C2C57CA25007960FD /* RefriSelectFoodSheet.swift */,
			);
			path = RefriFlow;
			sourceTree = "<group>";
		};
		905824752C4BA11C003801D3 /* RecipeFlow */ = {
			isa = PBXGroup;
			children = (
				9058245F2C4B9CB4003801D3 /* RecipeView.swift */,
				905824612C4B9CBC003801D3 /* RecipeDetailView.swift */,
				6E7590292C59E47B00626282 /* RecipeAddView_Name.swift */,
				6E75902B2C59E4A000626282 /* RecipeAddView_Picture.swift */,
				90A4AA8F2C5F3F64000293F6 /* RecipeImagePicker.swift */,
				6E7590252C59E42D00626282 /* RecipeAddView_Link.swift */,
				6E75902D2C5A749A00626282 /* RecipeAddView_FoodSauce.swift */,
				6E7590272C59E45200626282 /* RecipeAddView_Memo.swift */,
				90A4AA892C5BDCDA000293F6 /* RecipeViewModel.swift */,
				90A4AA8B2C5CF9A9000293F6 /* RecipeSelectFoodSheet.swift */,
				90A4AA8D2C5CF9BB000293F6 /* RecipeSelectSauceSheet.swift */,
			);
			path = RecipeFlow;
			sourceTree = "<group>";
		};
		9095DA9E2C6124000067D56C /* MainViewOverlay */ = {
			isa = PBXGroup;
			children = (
				6E7590202C54F45400626282 /* ResultPriceOverlay.swift */,
				9095DA9F2C6124110067D56C /* StoryOverlay.swift */,
			);
			path = MainViewOverlay;
			sourceTree = "<group>";
		};
		90A4AA822C59DF92000293F6 /* New Group */ = {
			isa = PBXGroup;
			children = (
				90A4AA832C59DFBE000293F6 /* CameraView.swift */,
				90A4AA852C59DFC5000293F6 /* CameraModel.swift */,
			);
			path = "New Group";
			sourceTree = "<group>";
		};
/* End PBXGroup section */

/* Begin PBXNativeTarget section */
		905824422C4B904D003801D3 /* BeggarsGrowing */ = {
			isa = PBXNativeTarget;
			buildConfigurationList = 905824512C4B904E003801D3 /* Build configuration list for PBXNativeTarget "BeggarsGrowing" */;
			buildPhases = (
				9058243F2C4B904D003801D3 /* Sources */,
				905824402C4B904D003801D3 /* Frameworks */,
				905824412C4B904D003801D3 /* Resources */,
			);
			buildRules = (
			);
			dependencies = (
			);
			name = BeggarsGrowing;
			productName = BeggarsGrowing;
			productReference = 905824432C4B904D003801D3 /* BeggarsGrowing.app */;
			productType = "com.apple.product-type.application";
		};
/* End PBXNativeTarget section */

/* Begin PBXProject section */
		9058243B2C4B904D003801D3 /* Project object */ = {
			isa = PBXProject;
			attributes = {
				BuildIndependentTargetsInParallel = 1;
				LastSwiftUpdateCheck = 1540;
				LastUpgradeCheck = 1540;
				TargetAttributes = {
					905824422C4B904D003801D3 = {
						CreatedOnToolsVersion = 15.4;
					};
				};
			};
			buildConfigurationList = 9058243E2C4B904D003801D3 /* Build configuration list for PBXProject "BeggarsGrowing" */;
			compatibilityVersion = "Xcode 14.0";
			developmentRegion = en;
			hasScannedForEncodings = 0;
			knownRegions = (
				en,
				Base,
			);
			mainGroup = 9058243A2C4B904D003801D3;
			productRefGroup = 905824442C4B904D003801D3 /* Products */;
			projectDirPath = "";
			projectRoot = "";
			targets = (
				905824422C4B904D003801D3 /* BeggarsGrowing */,
			);
		};
/* End PBXProject section */

/* Begin PBXResourcesBuildPhase section */
		905824412C4B904D003801D3 /* Resources */ = {
			isa = PBXResourcesBuildPhase;
			buildActionMask = 2147483647;
			files = (
				6E4A43AB2C5D10E20095B574 /* DungGeunMo.ttf in Resources */,
				90EB3C5B2C5543EC007960FD /* Recipe.csv in Resources */,
				9006C59F2C538CC9009B5925 /* Food.csv in Resources */,
				9058244E2C4B904E003801D3 /* Preview Assets.xcassets in Resources */,
				9058244B2C4B904E003801D3 /* Assets.xcassets in Resources */,
			);
			runOnlyForDeploymentPostprocessing = 0;
		};
/* End PBXResourcesBuildPhase section */

/* Begin PBXSourcesBuildPhase section */
		9058243F2C4B904D003801D3 /* Sources */ = {
			isa = PBXSourcesBuildPhase;
			buildActionMask = 2147483647;
			files = (
				900E953D2C4FF06800092CC2 /* HistoryModel.swift in Sources */,
				905824622C4B9CBC003801D3 /* RecipeDetailView.swift in Sources */,
				90A4AA862C59DFC5000293F6 /* CameraModel.swift in Sources */,
				9058246C2C4B9CF5003801D3 /* CookRecordView.swift in Sources */,
				900E953F2C4FF23000092CC2 /* BeggarsModel.swift in Sources */,
				6E7590262C59E42D00626282 /* RecipeAddView_Link.swift in Sources */,
				900E95392C4FEC5100092CC2 /* RecipeModel.swift in Sources */,
				90A4AA8E2C5CF9BB000293F6 /* RecipeSelectSauceSheet.swift in Sources */,
				90EB3C5D2C57CA25007960FD /* RefriSelectFoodSheet.swift in Sources */,
				9058246A2C4B9CE7003801D3 /* CookRecipeDetailView.swift in Sources */,
				9006C5982C538038009B5925 /* CSVUtils.swift in Sources */,
				905824662C4B9CD1003801D3 /* CookChoiceFoodView.swift in Sources */,
				905824602C4B9CB4003801D3 /* RecipeView.swift in Sources */,
				901F27A42C592831001B0687 /* FilterRecipeModel.swift in Sources */,
				905824492C4B904D003801D3 /* ContentView.swift in Sources */,
				90EB3C632C58BCAA007960FD /* CookViewModel.swift in Sources */,
				6E7590302C5C7B0700626282 /* BeggarsHOFView.swift in Sources */,
				90A4AA8C2C5CF9A9000293F6 /* RecipeSelectFoodSheet.swift in Sources */,
				9095DAA02C6124110067D56C /* StoryOverlay.swift in Sources */,
				90A4AA842C59DFBE000293F6 /* CameraView.swift in Sources */,
				9095DA9D2C5F95400067D56C /* MainViewModel.swift in Sources */,
				6E75902C2C59E4A000626282 /* RecipeAddView_Picture.swift in Sources */,
				6E7590282C59E45200626282 /* RecipeAddView_Memo.swift in Sources */,
				900E95372C4FEBA800092CC2 /* FoodModel.swift in Sources */,
				90A4AA8A2C5BDCDA000293F6 /* RecipeViewModel.swift in Sources */,
				6E75902A2C59E47B00626282 /* RecipeAddView_Name.swift in Sources */,
				90A4AA882C5A81E9000293F6 /* CookSlectFoodSheet.swift in Sources */,
				9058245C2C4B9CA2003801D3 /* RefriView.swift in Sources */,
				6E75902E2C5A749A00626282 /* RecipeAddView_FoodSauce.swift in Sources */,
				905824572C4B9C61003801D3 /* MainView.swift in Sources */,
				90A4AA902C5F3F64000293F6 /* RecipeImagePicker.swift in Sources */,
				9058245E2C4B9CAD003801D3 /* RefriAddFoodView.swift in Sources */,
				905824472C4B904D003801D3 /* BeggarsGrowingApp.swift in Sources */,
				905824712C4B9D28003801D3 /* NavigationManager.swift in Sources */,
				6E4A43A92C5D104A0095B574 /* Font+.swift in Sources */,
				905824682C4B9CDE003801D3 /* CookChoiceRecipeView.swift in Sources */,
				900E953B2C4FEF7C00092CC2 /* RefrigeratorModel.swift in Sources */,
				6E7590212C54F45400626282 /* ResultPriceOverlay.swift in Sources */,
			);
			runOnlyForDeploymentPostprocessing = 0;
		};
/* End PBXSourcesBuildPhase section */

/* Begin XCBuildConfiguration section */
		9058244F2C4B904E003801D3 /* Debug */ = {
			isa = XCBuildConfiguration;
			buildSettings = {
				ALWAYS_SEARCH_USER_PATHS = NO;
				ASSETCATALOG_COMPILER_GENERATE_SWIFT_ASSET_SYMBOL_EXTENSIONS = YES;
				CLANG_ANALYZER_NONNULL = YES;
				CLANG_ANALYZER_NUMBER_OBJECT_CONVERSION = YES_AGGRESSIVE;
				CLANG_CXX_LANGUAGE_STANDARD = "gnu++20";
				CLANG_ENABLE_MODULES = YES;
				CLANG_ENABLE_OBJC_ARC = YES;
				CLANG_ENABLE_OBJC_WEAK = YES;
				CLANG_WARN_BLOCK_CAPTURE_AUTORELEASING = YES;
				CLANG_WARN_BOOL_CONVERSION = YES;
				CLANG_WARN_COMMA = YES;
				CLANG_WARN_CONSTANT_CONVERSION = YES;
				CLANG_WARN_DEPRECATED_OBJC_IMPLEMENTATIONS = YES;
				CLANG_WARN_DIRECT_OBJC_ISA_USAGE = YES_ERROR;
				CLANG_WARN_DOCUMENTATION_COMMENTS = YES;
				CLANG_WARN_EMPTY_BODY = YES;
				CLANG_WARN_ENUM_CONVERSION = YES;
				CLANG_WARN_INFINITE_RECURSION = YES;
				CLANG_WARN_INT_CONVERSION = YES;
				CLANG_WARN_NON_LITERAL_NULL_CONVERSION = YES;
				CLANG_WARN_OBJC_IMPLICIT_RETAIN_SELF = YES;
				CLANG_WARN_OBJC_LITERAL_CONVERSION = YES;
				CLANG_WARN_OBJC_ROOT_CLASS = YES_ERROR;
				CLANG_WARN_QUOTED_INCLUDE_IN_FRAMEWORK_HEADER = YES;
				CLANG_WARN_RANGE_LOOP_ANALYSIS = YES;
				CLANG_WARN_STRICT_PROTOTYPES = YES;
				CLANG_WARN_SUSPICIOUS_MOVE = YES;
				CLANG_WARN_UNGUARDED_AVAILABILITY = YES_AGGRESSIVE;
				CLANG_WARN_UNREACHABLE_CODE = YES;
				CLANG_WARN__DUPLICATE_METHOD_MATCH = YES;
				COPY_PHASE_STRIP = NO;
				DEBUG_INFORMATION_FORMAT = dwarf;
				ENABLE_STRICT_OBJC_MSGSEND = YES;
				ENABLE_TESTABILITY = YES;
				ENABLE_USER_SCRIPT_SANDBOXING = YES;
				GCC_C_LANGUAGE_STANDARD = gnu17;
				GCC_DYNAMIC_NO_PIC = NO;
				GCC_NO_COMMON_BLOCKS = YES;
				GCC_OPTIMIZATION_LEVEL = 0;
				GCC_PREPROCESSOR_DEFINITIONS = (
					"DEBUG=1",
					"$(inherited)",
				);
				GCC_WARN_64_TO_32_BIT_CONVERSION = YES;
				GCC_WARN_ABOUT_RETURN_TYPE = YES_ERROR;
				GCC_WARN_UNDECLARED_SELECTOR = YES;
				GCC_WARN_UNINITIALIZED_AUTOS = YES_AGGRESSIVE;
				GCC_WARN_UNUSED_FUNCTION = YES;
				GCC_WARN_UNUSED_VARIABLE = YES;
				IPHONEOS_DEPLOYMENT_TARGET = 17.5;
				LOCALIZATION_PREFERS_STRING_CATALOGS = YES;
				MTL_ENABLE_DEBUG_INFO = INCLUDE_SOURCE;
				MTL_FAST_MATH = YES;
				ONLY_ACTIVE_ARCH = YES;
				SDKROOT = iphoneos;
				SWIFT_ACTIVE_COMPILATION_CONDITIONS = "DEBUG $(inherited)";
				SWIFT_OPTIMIZATION_LEVEL = "-Onone";
			};
			name = Debug;
		};
		905824502C4B904E003801D3 /* Release */ = {
			isa = XCBuildConfiguration;
			buildSettings = {
				ALWAYS_SEARCH_USER_PATHS = NO;
				ASSETCATALOG_COMPILER_GENERATE_SWIFT_ASSET_SYMBOL_EXTENSIONS = YES;
				CLANG_ANALYZER_NONNULL = YES;
				CLANG_ANALYZER_NUMBER_OBJECT_CONVERSION = YES_AGGRESSIVE;
				CLANG_CXX_LANGUAGE_STANDARD = "gnu++20";
				CLANG_ENABLE_MODULES = YES;
				CLANG_ENABLE_OBJC_ARC = YES;
				CLANG_ENABLE_OBJC_WEAK = YES;
				CLANG_WARN_BLOCK_CAPTURE_AUTORELEASING = YES;
				CLANG_WARN_BOOL_CONVERSION = YES;
				CLANG_WARN_COMMA = YES;
				CLANG_WARN_CONSTANT_CONVERSION = YES;
				CLANG_WARN_DEPRECATED_OBJC_IMPLEMENTATIONS = YES;
				CLANG_WARN_DIRECT_OBJC_ISA_USAGE = YES_ERROR;
				CLANG_WARN_DOCUMENTATION_COMMENTS = YES;
				CLANG_WARN_EMPTY_BODY = YES;
				CLANG_WARN_ENUM_CONVERSION = YES;
				CLANG_WARN_INFINITE_RECURSION = YES;
				CLANG_WARN_INT_CONVERSION = YES;
				CLANG_WARN_NON_LITERAL_NULL_CONVERSION = YES;
				CLANG_WARN_OBJC_IMPLICIT_RETAIN_SELF = YES;
				CLANG_WARN_OBJC_LITERAL_CONVERSION = YES;
				CLANG_WARN_OBJC_ROOT_CLASS = YES_ERROR;
				CLANG_WARN_QUOTED_INCLUDE_IN_FRAMEWORK_HEADER = YES;
				CLANG_WARN_RANGE_LOOP_ANALYSIS = YES;
				CLANG_WARN_STRICT_PROTOTYPES = YES;
				CLANG_WARN_SUSPICIOUS_MOVE = YES;
				CLANG_WARN_UNGUARDED_AVAILABILITY = YES_AGGRESSIVE;
				CLANG_WARN_UNREACHABLE_CODE = YES;
				CLANG_WARN__DUPLICATE_METHOD_MATCH = YES;
				COPY_PHASE_STRIP = NO;
				DEBUG_INFORMATION_FORMAT = "dwarf-with-dsym";
				ENABLE_NS_ASSERTIONS = NO;
				ENABLE_STRICT_OBJC_MSGSEND = YES;
				ENABLE_USER_SCRIPT_SANDBOXING = YES;
				GCC_C_LANGUAGE_STANDARD = gnu17;
				GCC_NO_COMMON_BLOCKS = YES;
				GCC_WARN_64_TO_32_BIT_CONVERSION = YES;
				GCC_WARN_ABOUT_RETURN_TYPE = YES_ERROR;
				GCC_WARN_UNDECLARED_SELECTOR = YES;
				GCC_WARN_UNINITIALIZED_AUTOS = YES_AGGRESSIVE;
				GCC_WARN_UNUSED_FUNCTION = YES;
				GCC_WARN_UNUSED_VARIABLE = YES;
				IPHONEOS_DEPLOYMENT_TARGET = 17.5;
				LOCALIZATION_PREFERS_STRING_CATALOGS = YES;
				MTL_ENABLE_DEBUG_INFO = NO;
				MTL_FAST_MATH = YES;
				SDKROOT = iphoneos;
				SWIFT_COMPILATION_MODE = wholemodule;
				VALIDATE_PRODUCT = YES;
			};
			name = Release;
		};
		905824522C4B904E003801D3 /* Debug */ = {
			isa = XCBuildConfiguration;
			buildSettings = {
				ASSETCATALOG_COMPILER_APPICON_NAME = AppIcon;
				ASSETCATALOG_COMPILER_GLOBAL_ACCENT_COLOR_NAME = AccentColor;
				CODE_SIGN_STYLE = Automatic;
				CURRENT_PROJECT_VERSION = 1;
				DEVELOPMENT_ASSET_PATHS = "\"BeggarsGrowing/Preview Content\"";
				DEVELOPMENT_TEAM = 5Z2TRCRXZZ;
				ENABLE_PREVIEWS = YES;
				GENERATE_INFOPLIST_FILE = YES;
				INFOPLIST_FILE = BeggarsGrowing/Info.plist;
				INFOPLIST_KEY_NSCameraUsageDescription = "카메라 접근을 허용해주세요.";
				INFOPLIST_KEY_NSPhotoLibraryAddUsageDescription = "사진 등록을 위해 앨범 접근을 허용해주세요.";
				INFOPLIST_KEY_NSPhotoLibraryUsageDescription = "사진 등록을 위해 앨범 접근을 허용해주세요.";
				INFOPLIST_KEY_UIApplicationSceneManifest_Generation = YES;
				INFOPLIST_KEY_UIApplicationSupportsIndirectInputEvents = YES;
				INFOPLIST_KEY_UILaunchScreen_Generation = YES;
				INFOPLIST_KEY_UISupportedInterfaceOrientations_iPad = "UIInterfaceOrientationPortrait UIInterfaceOrientationPortraitUpsideDown UIInterfaceOrientationLandscapeLeft UIInterfaceOrientationLandscapeRight";
				INFOPLIST_KEY_UISupportedInterfaceOrientations_iPhone = "UIInterfaceOrientationPortrait UIInterfaceOrientationLandscapeLeft UIInterfaceOrientationLandscapeRight";
				LD_RUNPATH_SEARCH_PATHS = (
					"$(inherited)",
					"@executable_path/Frameworks",
				);
				MARKETING_VERSION = 1.0;
				PRODUCT_BUNDLE_IDENTIFIER = test.BeggarsGrowing;
				PRODUCT_NAME = "$(TARGET_NAME)";
				SWIFT_EMIT_LOC_STRINGS = YES;
				SWIFT_VERSION = 5.0;
				TARGETED_DEVICE_FAMILY = "1,2";
			};
			name = Debug;
		};
		905824532C4B904E003801D3 /* Release */ = {
			isa = XCBuildConfiguration;
			buildSettings = {
				ASSETCATALOG_COMPILER_APPICON_NAME = AppIcon;
				ASSETCATALOG_COMPILER_GLOBAL_ACCENT_COLOR_NAME = AccentColor;
				CODE_SIGN_STYLE = Automatic;
				CURRENT_PROJECT_VERSION = 1;
				DEVELOPMENT_ASSET_PATHS = "\"BeggarsGrowing/Preview Content\"";
				DEVELOPMENT_TEAM = 5Z2TRCRXZZ;
				ENABLE_PREVIEWS = YES;
				GENERATE_INFOPLIST_FILE = YES;
				INFOPLIST_FILE = BeggarsGrowing/Info.plist;
				INFOPLIST_KEY_NSCameraUsageDescription = "카메라 접근을 허용해주세요.";
				INFOPLIST_KEY_NSPhotoLibraryAddUsageDescription = "사진 등록을 위해 앨범 접근을 허용해주세요.";
				INFOPLIST_KEY_NSPhotoLibraryUsageDescription = "사진 등록을 위해 앨범 접근을 허용해주세요.";
				INFOPLIST_KEY_UIApplicationSceneManifest_Generation = YES;
				INFOPLIST_KEY_UIApplicationSupportsIndirectInputEvents = YES;
				INFOPLIST_KEY_UILaunchScreen_Generation = YES;
				INFOPLIST_KEY_UISupportedInterfaceOrientations_iPad = "UIInterfaceOrientationPortrait UIInterfaceOrientationPortraitUpsideDown UIInterfaceOrientationLandscapeLeft UIInterfaceOrientationLandscapeRight";
				INFOPLIST_KEY_UISupportedInterfaceOrientations_iPhone = "UIInterfaceOrientationPortrait UIInterfaceOrientationLandscapeLeft UIInterfaceOrientationLandscapeRight";
				LD_RUNPATH_SEARCH_PATHS = (
					"$(inherited)",
					"@executable_path/Frameworks",
				);
				MARKETING_VERSION = 1.0;
				PRODUCT_BUNDLE_IDENTIFIER = test.BeggarsGrowing;
				PRODUCT_NAME = "$(TARGET_NAME)";
				SWIFT_EMIT_LOC_STRINGS = YES;
				SWIFT_VERSION = 5.0;
				TARGETED_DEVICE_FAMILY = "1,2";
			};
			name = Release;
		};
/* End XCBuildConfiguration section */

/* Begin XCConfigurationList section */
		9058243E2C4B904D003801D3 /* Build configuration list for PBXProject "BeggarsGrowing" */ = {
			isa = XCConfigurationList;
			buildConfigurations = (
				9058244F2C4B904E003801D3 /* Debug */,
				905824502C4B904E003801D3 /* Release */,
			);
			defaultConfigurationIsVisible = 0;
			defaultConfigurationName = Release;
		};
		905824512C4B904E003801D3 /* Build configuration list for PBXNativeTarget "BeggarsGrowing" */ = {
			isa = XCConfigurationList;
			buildConfigurations = (
				905824522C4B904E003801D3 /* Debug */,
				905824532C4B904E003801D3 /* Release */,
			);
			defaultConfigurationIsVisible = 0;
			defaultConfigurationName = Release;
		};
/* End XCConfigurationList section */
	};
	rootObject = 9058243B2C4B904D003801D3 /* Project object */;
}
